
Microsoft Visual Studio Solution File, Format Version 12.00
# Visual Studio Version 17
VisualStudioVersion = 17.10.35122.118
MinimumVisualStudioVersion = 10.0.40219.1
Project("{FAE04EC0-301F-11D3-BF4B-00C04F79EFBC}") = "Lab_3.1_Horbach_633p", "Lab_3.1_Horbach_633p\Lab_3.1_Horbach_633p.csproj", "{738C56C5-3A52-4B9C-B7E1-BDBE51A07451}"
EndProject
Global
	GlobalSection(SolutionConfigurationPlatforms) = preSolution
		Debug|Any CPU = Debug|Any CPU
		Release|Any CPU = Release|Any CPU
	EndGlobalSection
	GlobalSection(ProjectConfigurationPlatforms) = postSolution
		{738C56C5-3A52-4B9C-B7E1-BDBE51A07451}.Debug|Any CPU.ActiveCfg = Debug|Any CPU
		{738C56C5-3A52-4B9C-B7E1-BDBE51A07451}.Debug|Any CPU.Build.0 = Debug|Any CPU
		{738C56C5-3A52-4B9C-B7E1-BDBE51A07451}.Release|Any CPU.ActiveCfg = Release|Any CPU
		{738C56C5-3A52-4B9C-B7E1-BDBE51A07451}.Release|Any CPU.Build.0 = Release|Any CPU
	EndGlobalSection
	GlobalSection(SolutionProperties) = preSolution
		HideSolutionNode = FALSE
	EndGlobalSection
	GlobalSection(ExtensibilityGlobals) = postSolution
		SolutionGuid = {AA9A2329-0175-46F5-9B3A-4A5AA5408077}
	EndGlobalSection
EndGlobal
